
Microsoft Visual Studio Solution File, Format Version 12.00
# Visual Studio Version 16
VisualStudioVersion = 16.0.30907.101
MinimumVisualStudioVersion = 10.0.40219.1
Project("{FAE04EC0-301F-11D3-BF4B-00C04F79EFBC}") = "HomeWork5", "HomeWork5.csproj", "{810E2BE7-512A-46FB-954F-3E1A4073A53B}"
EndProject
Global
	GlobalSection(SolutionConfigurationPlatforms) = preSolution
		Debug|Any CPU = Debug|Any CPU
		Release|Any CPU = Release|Any CPU
	EndGlobalSection
	GlobalSection(ProjectConfigurationPlatforms) = postSolution
		{810E2BE7-512A-46FB-954F-3E1A4073A53B}.Debug|Any CPU.ActiveCfg = Debug|Any CPU
		{810E2BE7-512A-46FB-954F-3E1A4073A53B}.Debug|Any CPU.Build.0 = Debug|Any CPU
		{810E2BE7-512A-46FB-954F-3E1A4073A53B}.Release|Any CPU.ActiveCfg = Release|Any CPU
		{810E2BE7-512A-46FB-954F-3E1A4073A53B}.Release|Any CPU.Build.0 = Release|Any CPU
	EndGlobalSection
	GlobalSection(SolutionProperties) = preSolution
		HideSolutionNode = FALSE
	EndGlobalSection
	GlobalSection(ExtensibilityGlobals) = postSolution
		SolutionGuid = {AD39C325-BC82-4CCD-ADE1-C692B32D72D7}
	EndGlobalSection
EndGlobal
